{
	"name": "@zionbuilder/tooltip",
	"version": "1.0.2-alpha.0",
	"lockfileVersion": 1,
	"requires": true,
	"dependencies": {
		"@popperjs/core": {
			"version": "2.5.3",
			"resolved": "https://registry.npmjs.org/@popperjs/core/-/core-2.5.3.tgz",
			"integrity": "sha512-RFwCobxsvZ6j7twS7dHIZQZituMIDJJNHS/qY6iuthVebxS3zhRY+jaC2roEKiAYaVuTcGmX6Luc6YBcf6zJVg=="
		},
		"@zionbuilder/utils": {
			"version": "^1.0.0"
		},
		"@zionbuilder/z-index-manager": {
			"version": "^1.0.0"
		}
	}
}
